// !$*UTF8*$!
{
	archiveVersion = 1;
	classes = {
	};
	objectVersion = 50;
	objects = {

/* Begin PBXBuildFile section */
		B51D118E26B0E0F0008F982A /* AppDelegate.swift in Sources */ = {isa = PBXBuildFile; fileRef = B51D118D26B0E0F0008F982A /* AppDelegate.swift */; };
		B51D119026B0E0F0008F982A /* SceneDelegate.swift in Sources */ = {isa = PBXBuildFile; fileRef = B51D118F26B0E0F0008F982A /* SceneDelegate.swift */; };
		B51D119226B0E0F0008F982A /* ViewController.swift in Sources */ = {isa = PBXBuildFile; fileRef = B51D119126B0E0F0008F982A /* ViewController.swift */; };
		B51D119526B0E0F0008F982A /* Main.storyboard in Resources */ = {isa = PBXBuildFile; fileRef = B51D119326B0E0F0008F982A /* Main.storyboard */; };
		B51D119726B0E0F1008F982A /* Assets.xcassets in Resources */ = {isa = PBXBuildFile; fileRef = B51D119626B0E0F1008F982A /* Assets.xcassets */; };
		B51D119A26B0E0F1008F982A /* LaunchScreen.storyboard in Resources */ = {isa = PBXBuildFile; fileRef = B51D119826B0E0F1008F982A /* LaunchScreen.storyboard */; };
		B51D11A226B0E32C008F982A /* Service.swift in Sources */ = {isa = PBXBuildFile; fileRef = B51D11A126B0E32C008F982A /* Service.swift */; };
		B5E6096126B1C18D00113823 /* Model.swift in Sources */ = {isa = PBXBuildFile; fileRef = B5E6096026B1C18D00113823 /* Model.swift */; };
/* End PBXBuildFile section */

/* Begin PBXFileReference section */
		B51D118A26B0E0F0008F982A /* bitcoinstats.app */ = {isa = PBXFileReference; explicitFileType = wrapper.application; includeInIndex = 0; path = bitcoinstats.app; sourceTree = BUILT_PRODUCTS_DIR; };
		B51D118D26B0E0F0008F982A /* AppDelegate.swift */ = {isa = PBXFileReference; lastKnownFileType = sourcecode.swift; path = AppDelegate.swift; sourceTree = "<group>"; };
		B51D118F26B0E0F0008F982A /* SceneDelegate.swift */ = {isa = PBXFileReference; lastKnownFileType = sourcecode.swift; path = SceneDelegate.swift; sourceTree = "<group>"; };
		B51D119126B0E0F0008F982A /* ViewController.swift */ = {isa = PBXFileReference; lastKnownFileType = sourcecode.swift; path = ViewController.swift; sourceTree = "<group>"; };
		B51D119426B0E0F0008F982A /* Base */ = {isa = PBXFileReference; lastKnownFileType = file.storyboard; name = Base; path = Base.lproj/Main.storyboard; sourceTree = "<group>"; };
		B51D119626B0E0F1008F982A /* Assets.xcassets */ = {isa = PBXFileReference; lastKnownFileType = folder.assetcatalog; path = Assets.xcassets; sourceTree = "<group>"; };
		B51D119926B0E0F1008F982A /* Base */ = {isa = PBXFileReference; lastKnownFileType = file.storyboard; name = Base; path = Base.lproj/LaunchScreen.storyboard; sourceTree = "<group>"; };
		B51D119B26B0E0F1008F982A /* Info.plist */ = {isa = PBXFileReference; lastKnownFileType = text.plist.xml; path = Info.plist; sourceTree = "<group>"; };
		B51D11A126B0E32C008F982A /* Service.swift */ = {isa = PBXFileReference; lastKnownFileType = sourcecode.swift; path = Service.swift; sourceTree = "<group>"; };
		B5E6096026B1C18D00113823 /* Model.swift */ = {isa = PBXFileReference; lastKnownFileType = sourcecode.swift; path = Model.swift; sourceTree = "<group>"; };
/* End PBXFileReference section */

/* Begin PBXFrameworksBuildPhase section */
		B51D118726B0E0F0008F982A /* Frameworks */ = {
			isa = PBXFrameworksBuildPhase;
			buildActionMask = 2147483647;
			files = (
			);
			runOnlyForDeploymentPostprocessing = 0;
		};
/* End PBXFrameworksBuildPhase section */

/* Begin PBXGroup section */
		B51D118126B0E0F0008F982A = {
			isa = PBXGroup;
			children = (
				B51D118C26B0E0F0008F982A /* bitcoinstats */,
				B51D118B26B0E0F0008F982A /* Products */,
			);
			sourceTree = "<group>";
		};
		B51D118B26B0E0F0008F982A /* Products */ = {
			isa = PBXGroup;
			children = (
				B51D118A26B0E0F0008F982A /* bitcoinstats.app */,
			);
			name = Products;
			sourceTree = "<group>";
		};
		B51D118C26B0E0F0008F982A /* bitcoinstats */ = {
			isa = PBXGroup;
			children = (
				B51D118D26B0E0F0008F982A /* AppDelegate.swift */,
				B51D118F26B0E0F0008F982A /* SceneDelegate.swift */,
				B51D119126B0E0F0008F982A /* ViewController.swift */,
				B51D119326B0E0F0008F982A /* Main.storyboard */,
				B51D119626B0E0F1008F982A /* Assets.xcassets */,
				B51D119826B0E0F1008F982A /* LaunchScreen.storyboard */,
				B51D119B26B0E0F1008F982A /* Info.plist */,
				B51D11A126B0E32C008F982A /* Service.swift */,
				B5E6096026B1C18D00113823 /* Model.swift */,
			);
			path = bitcoinstats;
			sourceTree = "<group>";
		};
/* End PBXGroup section */

/* Begin PBXNativeTarget section */
		B51D118926B0E0F0008F982A /* bitcoinstats */ = {
			isa = PBXNativeTarget;
			buildConfigurationList = B51D119E26B0E0F1008F982A /* Build configuration list for PBXNativeTarget "bitcoinstats" */;
			buildPhases = (
				B51D118626B0E0F0008F982A /* Sources */,
				B51D118726B0E0F0008F982A /* Frameworks */,
				B51D118826B0E0F0008F982A /* Resources */,
			);
			buildRules = (
			);
			dependencies = (
			);
			name = bitcoinstats;
			productName = bitcoinstats;
			productReference = B51D118A26B0E0F0008F982A /* bitcoinstats.app */;
			productType = "com.apple.product-type.application";
		};
/* End PBXNativeTarget section */

/* Begin PBXProject section */
		B51D118226B0E0F0008F982A /* Project object */ = {
			isa = PBXProject;
			attributes = {
				LastSwiftUpdateCheck = 1250;
				LastUpgradeCheck = 1250;
				TargetAttributes = {
					B51D118926B0E0F0008F982A = {
						CreatedOnToolsVersion = 12.5.1;
					};
				};
			};
			buildConfigurationList = B51D118526B0E0F0008F982A /* Build configuration list for PBXProject "bitcoinstats" */;
			compatibilityVersion = "Xcode 9.3";
			developmentRegion = en;
			hasScannedForEncodings = 0;
			knownRegions = (
				en,
				Base,
			);
			mainGroup = B51D118126B0E0F0008F982A;
			productRefGroup = B51D118B26B0E0F0008F982A /* Products */;
			projectDirPath = "";
			projectRoot = "";
			targets = (
				B51D118926B0E0F0008F982A /* bitcoinstats */,
			);
		};
/* End PBXProject section */

/* Begin PBXResourcesBuildPhase section */
		B51D118826B0E0F0008F982A /* Resources */ = {
			isa = PBXResourcesBuildPhase;
			buildActionMask = 2147483647;
			files = (
				B51D119A26B0E0F1008F982A /* LaunchScreen.storyboard in Resources */,
				B51D119726B0E0F1008F982A /* Assets.xcassets in Resources */,
				B51D119526B0E0F0008F982A /* Main.storyboard in Resources */,
			);
			runOnlyForDeploymentPostprocessing = 0;
		};
/* End PBXResourcesBuildPhase section */

/* Begin PBXSourcesBuildPhase section */
		B51D118626B0E0F0008F982A /* Sources */ = {
			isa = PBXSourcesBuildPhase;
			buildActionMask = 2147483647;
			files = (
				B5E6096126B1C18D00113823 /* Model.swift in Sources */,
				B51D119226B0E0F0008F982A /* ViewController.swift in Sources */,
				B51D11A226B0E32C008F982A /* Service.swift in Sources */,
				B51D118E26B0E0F0008F982A /* AppDelegate.swift in Sources */,
				B51D119026B0E0F0008F982A /* SceneDelegate.swift in Sources */,
			);
			runOnlyForDeploymentPostprocessing = 0;
		};
/* End PBXSourcesBuildPhase section */

/* Begin PBXVariantGroup section */
		B51D119326B0E0F0008F982A /* Main.storyboard */ = {
			isa = PBXVariantGroup;
			children = (
				B51D119426B0E0F0008F982A /* Base */,
			);
			name = Main.storyboard;
			sourceTree = "<group>";
		};
		B51D119826B0E0F1008F982A /* LaunchScreen.storyboard */ = {
			isa = PBXVariantGroup;
			children = (
				B51D119926B0E0F1008F982A /* Base */,
			);
			name = LaunchScreen.storyboard;
			sourceTree = "<group>";
		};
/* End PBXVariantGroup section */

/* Begin XCBuildConfiguration section */
		B51D119C26B0E0F1008F982A /* Debug */ = {
			isa = XCBuildConfiguration;
			buildSettings = {
				ALWAYS_SEARCH_USER_PATHS = NO;
				CLANG_ANALYZER_NONNULL = YES;
				CLANG_ANALYZER_NUMBER_OBJECT_CONVERSION = YES_AGGRESSIVE;
				CLANG_CXX_LANGUAGE_STANDARD = "gnu++14";
				CLANG_CXX_LIBRARY = "libc++";
				CLANG_ENABLE_MODULES = YES;
				CLANG_ENABLE_OBJC_ARC = YES;
				CLANG_ENABLE_OBJC_WEAK = YES;
				CLANG_WARN_BLOCK_CAPTURE_AUTORELEASING = YES;
				CLANG_WARN_BOOL_CONVERSION = YES;
				CLANG_WARN_COMMA = YES;
				CLANG_WARN_CONSTANT_CONVERSION = YES;
				CLANG_WARN_DEPRECATED_OBJC_IMPLEMENTATIONS = YES;
				CLANG_WARN_DIRECT_OBJC_ISA_USAGE = YES_ERROR;
				CLANG_WARN_DOCUMENTATION_COMMENTS = YES;
				CLANG_WARN_EMPTY_BODY = YES;
				CLANG_WARN_ENUM_CONVERSION = YES;
				CLANG_WARN_INFINITE_RECURSION = YES;
				CLANG_WARN_INT_CONVERSION = YES;
				CLANG_WARN_NON_LITERAL_NULL_CONVERSION = YES;
				CLANG_WARN_OBJC_IMPLICIT_RETAIN_SELF = YES;
				CLANG_WARN_OBJC_LITERAL_CONVERSION = YES;
				CLANG_WARN_OBJC_ROOT_CLASS = YES_ERROR;
				CLANG_WARN_QUOTED_INCLUDE_IN_FRAMEWORK_HEADER = YES;
				CLANG_WARN_RANGE_LOOP_ANALYSIS = YES;
				CLANG_WARN_STRICT_PROTOTYPES = YES;
				CLANG_WARN_SUSPICIOUS_MOVE = YES;
				CLANG_WARN_UNGUARDED_AVAILABILITY = YES_AGGRESSIVE;
				CLANG_WARN_UNREACHABLE_CODE = YES;
				CLANG_WARN__DUPLICATE_METHOD_MATCH = YES;
				COPY_PHASE_STRIP = NO;
				DEBUG_INFORMATION_FORMAT = dwarf;
				ENABLE_STRICT_OBJC_MSGSEND = YES;
				ENABLE_TESTABILITY = YES;
				GCC_C_LANGUAGE_STANDARD = gnu11;
				GCC_DYNAMIC_NO_PIC = NO;
				GCC_NO_COMMON_BLOCKS = YES;
				GCC_OPTIMIZATION_LEVEL = 0;
				GCC_PREPROCESSOR_DEFINITIONS = (
					"DEBUG=1",
					"$(inherited)",
				);
				GCC_WARN_64_TO_32_BIT_CONVERSION = YES;
				GCC_WARN_ABOUT_RETURN_TYPE = YES_ERROR;
				GCC_WARN_UNDECLARED_SELECTOR = YES;
				GCC_WARN_UNINITIALIZED_AUTOS = YES_AGGRESSIVE;
				GCC_WARN_UNUSED_FUNCTION = YES;
				GCC_WARN_UNUSED_VARIABLE = YES;
				IPHONEOS_DEPLOYMENT_TARGET = 14.5;
				MTL_ENABLE_DEBUG_INFO = INCLUDE_SOURCE;
				MTL_FAST_MATH = YES;
				ONLY_ACTIVE_ARCH = YES;
				SDKROOT = iphoneos;
				SWIFT_ACTIVE_COMPILATION_CONDITIONS = DEBUG;
				SWIFT_OPTIMIZATION_LEVEL = "-Onone";
			};
			name = Debug;
		};
		B51D119D26B0E0F1008F982A /* Release */ = {
			isa = XCBuildConfiguration;
			buildSettings = {
				ALWAYS_SEARCH_USER_PATHS = NO;
				CLANG_ANALYZER_NONNULL = YES;
				CLANG_ANALYZER_NUMBER_OBJECT_CONVERSION = YES_AGGRESSIVE;
				CLANG_CXX_LANGUAGE_STANDARD = "gnu++14";
				CLANG_CXX_LIBRARY = "libc++";
				CLANG_ENABLE_MODULES = YES;
				CLANG_ENABLE_OBJC_ARC = YES;
				CLANG_ENABLE_OBJC_WEAK = YES;
				CLANG_WARN_BLOCK_CAPTURE_AUTORELEASING = YES;
				CLANG_WARN_BOOL_CONVERSION = YES;
				CLANG_WARN_COMMA = YES;
				CLANG_WARN_CONSTANT_CONVERSION = YES;
				CLANG_WARN_DEPRECATED_OBJC_IMPLEMENTATIONS = YES;
				CLANG_WARN_DIRECT_OBJC_ISA_USAGE = YES_ERROR;
				CLANG_WARN_DOCUMENTATION_COMMENTS = YES;
				CLANG_WARN_EMPTY_BODY = YES;
				CLANG_WARN_ENUM_CONVERSION = YES;
				CLANG_WARN_INFINITE_RECURSION = YES;
				CLANG_WARN_INT_CONVERSION = YES;
				CLANG_WARN_NON_LITERAL_NULL_CONVERSION = YES;
				CLANG_WARN_OBJC_IMPLICIT_RETAIN_SELF = YES;
				CLANG_WARN_OBJC_LITERAL_CONVERSION = YES;
				CLANG_WARN_OBJC_ROOT_CLASS = YES_ERROR;
				CLANG_WARN_QUOTED_INCLUDE_IN_FRAMEWORK_HEADER = YES;
				CLANG_WARN_RANGE_LOOP_ANALYSIS = YES;
				CLANG_WARN_STRICT_PROTOTYPES = YES;
				CLANG_WARN_SUSPICIOUS_MOVE = YES;
				CLANG_WARN_UNGUARDED_AVAILABILITY = YES_AGGRESSIVE;
				CLANG_WARN_UNREACHABLE_CODE = YES;
				CLANG_WARN__DUPLICATE_METHOD_MATCH = YES;
				COPY_PHASE_STRIP = NO;
				DEBUG_INFORMATION_FORMAT = "dwarf-with-dsym";
				ENABLE_NS_ASSERTIONS = NO;
				ENABLE_STRICT_OBJC_MSGSEND = YES;
				GCC_C_LANGUAGE_STANDARD = gnu11;
				GCC_NO_COMMON_BLOCKS = YES;
				GCC_WARN_64_TO_32_BIT_CONVERSION = YES;
				GCC_WARN_ABOUT_RETURN_TYPE = YES_ERROR;
				GCC_WARN_UNDECLARED_SELECTOR = YES;
				GCC_WARN_UNINITIALIZED_AUTOS = YES_AGGRESSIVE;
				GCC_WARN_UNUSED_FUNCTION = YES;
				GCC_WARN_UNUSED_VARIABLE = YES;
				IPHONEOS_DEPLOYMENT_TARGET = 14.5;
				MTL_ENABLE_DEBUG_INFO = NO;
				MTL_FAST_MATH = YES;
				SDKROOT = iphoneos;
				SWIFT_COMPILATION_MODE = wholemodule;
				SWIFT_OPTIMIZATION_LEVEL = "-O";
				VALIDATE_PRODUCT = YES;
			};
			name = Release;
		};
		B51D119F26B0E0F1008F982A /* Debug */ = {
			isa = XCBuildConfiguration;
			buildSettings = {
				ASSETCATALOG_COMPILER_APPICON_NAME = AppIcon;
				ASSETCATALOG_COMPILER_GLOBAL_ACCENT_COLOR_NAME = AccentColor;
				CODE_SIGN_STYLE = Automatic;
				INFOPLIST_FILE = bitcoinstats/Info.plist;
				LD_RUNPATH_SEARCH_PATHS = (
					"$(inherited)",
					"@executable_path/Frameworks",
				);
				PRODUCT_BUNDLE_IDENTIFIER = ca.seneca.bitcoinstats;
				PRODUCT_NAME = "$(TARGET_NAME)";
				SWIFT_VERSION = 5.0;
				TARGETED_DEVICE_FAMILY = "1,2";
			};
			name = Debug;
		};
		B51D11A026B0E0F1008F982A /* Release */ = {
			isa = XCBuildConfiguration;
			buildSettings = {
				ASSETCATALOG_COMPILER_APPICON_NAME = AppIcon;
				ASSETCATALOG_COMPILER_GLOBAL_ACCENT_COLOR_NAME = AccentColor;
				CODE_SIGN_STYLE = Automatic;
				INFOPLIST_FILE = bitcoinstats/Info.plist;
				LD_RUNPATH_SEARCH_PATHS = (
					"$(inherited)",
					"@executable_path/Frameworks",
				);
				PRODUCT_BUNDLE_IDENTIFIER = ca.seneca.bitcoinstats;
				PRODUCT_NAME = "$(TARGET_NAME)";
				SWIFT_VERSION = 5.0;
				TARGETED_DEVICE_FAMILY = "1,2";
			};
			name = Release;
		};
/* End XCBuildConfiguration section */

/* Begin XCConfigurationList section */
		B51D118526B0E0F0008F982A /* Build configuration list for PBXProject "bitcoinstats" */ = {
			isa = XCConfigurationList;
			buildConfigurations = (
				B51D119C26B0E0F1008F982A /* Debug */,
				B51D119D26B0E0F1008F982A /* Release */,
			);
			defaultConfigurationIsVisible = 0;
			defaultConfigurationName = Release;
		};
		B51D119E26B0E0F1008F982A /* Build configuration list for PBXNativeTarget "bitcoinstats" */ = {
			isa = XCConfigurationList;
			buildConfigurations = (
				B51D119F26B0E0F1008F982A /* Debug */,
				B51D11A026B0E0F1008F982A /* Release */,
			);
			defaultConfigurationIsVisible = 0;
			defaultConfigurationName = Release;
		};
/* End XCConfigurationList section */
	};
	rootObject = B51D118226B0E0F0008F982A /* Project object */;
}
